{
  "name": "baye",
  "version": "1.2.1",
  "lockfileVersion": 1,
  "requires": true,
  "dependencies": {
    "latest-createjs": {
      "version": "1.0.24",
      "resolved": "https://registry.npmjs.org/latest-createjs/-/latest-createjs-1.0.24.tgz",
      "integrity": "sha1-xMg39fRoiXjonCsXrQ4rXcURGzQ="
    }
  }
}
