{
  "name": "baye",
  "version": "1.0.1",
  "lockfileVersion": 1,
  "requires": true,
  "dependencies": {
    "createjs": {
      "version": "1.0.1",
      "resolved": "https://registry.npmjs.org/createjs/-/createjs-1.0.1.tgz",
      "integrity": "sha512-VutFczgM8GNzOSiFKlYEwFRgZRMQkZt34ooaewKi7lzxuQ7JSsUs/Y1qb95G4CKOnHA/C/yghCJ6wfivuKOawA=="
    }
  }
}
