{
  "name": "baye",
  "version": "1.1.1",
  "lockfileVersion": 1,
  "requires": true,
  "dependencies": {
    "create-es6-js": {
      "version": "0.1.10",
      "resolved": "https://registry.npmjs.org/create-es6-js/-/create-es6-js-0.1.10.tgz",
      "integrity": "sha1-HUIQuKqQlPwxq4o2ARUbvvxvPQw=",
      "requires": {
        "create-js-builder": "0.8.3",
        "flavor-js": "0.3.12"
      }
    },
    "create-js-builder": {
      "version": "0.8.3",
      "resolved": "https://registry.npmjs.org/create-js-builder/-/create-js-builder-0.8.3.tgz",
      "integrity": "sha1-gNKE5P4ZTlsfNEGHgVxOSJHOU2E="
    },
    "flavor-js": {
      "version": "0.3.12",
      "resolved": "https://registry.npmjs.org/flavor-js/-/flavor-js-0.3.12.tgz",
      "integrity": "sha1-YzM+mqyddxA02uPa9c9JUb73GrY=",
      "requires": {
        "lodash": "4.17.5"
      }
    },
    "lodash": {
      "version": "4.17.5",
      "resolved": "https://registry.npmjs.org/lodash/-/lodash-4.17.5.tgz",
      "integrity": "sha512-svL3uiZf1RwhH+cWrfZn3A4+U58wbP0tGVTLQPbjplZxZ8ROD9VLuNgsRniTlLe7OlSqR79RUehXgpBW/s0IQw=="
    }
  }
}
